
Microsoft Visual Studio Solution File, Format Version 12.00
# Visual Studio Version 17
VisualStudioVersion = 17.14.36717.8
MinimumVisualStudioVersion = 10.0.40219.1
Project("{FAE04EC0-301F-11D3-BF4B-00C04F79EFBC}") = "Bai_01", "Bai_01\Bai_01.csproj", "{5C34DB5C-2891-4959-AD5C-7DA4B7D5E166}"
EndProject
Project("{FAE04EC0-301F-11D3-BF4B-00C04F79EFBC}") = "Bai_02", "Bai_02\Bai_02.csproj", "{FE4886BC-ED29-4AC7-820E-A0A493A1C43D}"
EndProject
Project("{FAE04EC0-301F-11D3-BF4B-00C04F79EFBC}") = "Bai_03", "Bai_03\Bai_03.csproj", "{5D6A756A-5EC8-4848-A394-BC7B5583A058}"
EndProject
Project("{FAE04EC0-301F-11D3-BF4B-00C04F79EFBC}") = "Bai_04", "Bai_04\Bai_04.csproj", "{77E54679-26E0-4149-9957-C921197269B9}"
EndProject
Project("{FAE04EC0-301F-11D3-BF4B-00C04F79EFBC}") = "Bai_05", "Bai_05\Bai_05.csproj", "{C29775EA-25B6-4E1C-9FEE-7D7AB82AAD36}"
EndProject
Global
	GlobalSection(SolutionConfigurationPlatforms) = preSolution
		Debug|Any CPU = Debug|Any CPU
		Release|Any CPU = Release|Any CPU
	EndGlobalSection
	GlobalSection(ProjectConfigurationPlatforms) = postSolution
		{5C34DB5C-2891-4959-AD5C-7DA4B7D5E166}.Debug|Any CPU.ActiveCfg = Debug|Any CPU
		{5C34DB5C-2891-4959-AD5C-7DA4B7D5E166}.Debug|Any CPU.Build.0 = Debug|Any CPU
		{5C34DB5C-2891-4959-AD5C-7DA4B7D5E166}.Release|Any CPU.ActiveCfg = Release|Any CPU
		{5C34DB5C-2891-4959-AD5C-7DA4B7D5E166}.Release|Any CPU.Build.0 = Release|Any CPU
		{FE4886BC-ED29-4AC7-820E-A0A493A1C43D}.Debug|Any CPU.ActiveCfg = Debug|Any CPU
		{FE4886BC-ED29-4AC7-820E-A0A493A1C43D}.Debug|Any CPU.Build.0 = Debug|Any CPU
		{FE4886BC-ED29-4AC7-820E-A0A493A1C43D}.Release|Any CPU.ActiveCfg = Release|Any CPU
		{FE4886BC-ED29-4AC7-820E-A0A493A1C43D}.Release|Any CPU.Build.0 = Release|Any CPU
		{5D6A756A-5EC8-4848-A394-BC7B5583A058}.Debug|Any CPU.ActiveCfg = Debug|Any CPU
		{5D6A756A-5EC8-4848-A394-BC7B5583A058}.Debug|Any CPU.Build.0 = Debug|Any CPU
		{5D6A756A-5EC8-4848-A394-BC7B5583A058}.Release|Any CPU.ActiveCfg = Release|Any CPU
		{5D6A756A-5EC8-4848-A394-BC7B5583A058}.Release|Any CPU.Build.0 = Release|Any CPU
		{77E54679-26E0-4149-9957-C921197269B9}.Debug|Any CPU.ActiveCfg = Debug|Any CPU
		{77E54679-26E0-4149-9957-C921197269B9}.Debug|Any CPU.Build.0 = Debug|Any CPU
		{77E54679-26E0-4149-9957-C921197269B9}.Release|Any CPU.ActiveCfg = Release|Any CPU
		{77E54679-26E0-4149-9957-C921197269B9}.Release|Any CPU.Build.0 = Release|Any CPU
		{C29775EA-25B6-4E1C-9FEE-7D7AB82AAD36}.Debug|Any CPU.ActiveCfg = Debug|Any CPU
		{C29775EA-25B6-4E1C-9FEE-7D7AB82AAD36}.Debug|Any CPU.Build.0 = Debug|Any CPU
		{C29775EA-25B6-4E1C-9FEE-7D7AB82AAD36}.Release|Any CPU.ActiveCfg = Release|Any CPU
		{C29775EA-25B6-4E1C-9FEE-7D7AB82AAD36}.Release|Any CPU.Build.0 = Release|Any CPU
	EndGlobalSection
	GlobalSection(SolutionProperties) = preSolution
		HideSolutionNode = FALSE
	EndGlobalSection
	GlobalSection(ExtensibilityGlobals) = postSolution
		SolutionGuid = {10B6E1F9-7F53-4B52-9758-C1F0854B13AB}
	EndGlobalSection
EndGlobal
